
Microsoft Visual Studio Solution File, Format Version 12.00
# Visual Studio 15
VisualStudioVersion = 15.0.28010.2046
MinimumVisualStudioVersion = 10.0.40219.1
Project("{FAE04EC0-301F-11D3-BF4B-00C04F79EFBC}") = "SlideShow", "SlideShow\SlideShow.csproj", "{6192EF51-E558-426E-8CC9-6092FAC1682A}"
EndProject
Global
	GlobalSection(SolutionConfigurationPlatforms) = preSolution
		Debug|Any CPU = Debug|Any CPU
		Release|Any CPU = Release|Any CPU
	EndGlobalSection
	GlobalSection(ProjectConfigurationPlatforms) = postSolution
		{6192EF51-E558-426E-8CC9-6092FAC1682A}.Debug|Any CPU.ActiveCfg = Debug|Any CPU
		{6192EF51-E558-426E-8CC9-6092FAC1682A}.Debug|Any CPU.Build.0 = Debug|Any CPU
		{6192EF51-E558-426E-8CC9-6092FAC1682A}.Release|Any CPU.ActiveCfg = Release|Any CPU
		{6192EF51-E558-426E-8CC9-6092FAC1682A}.Release|Any CPU.Build.0 = Release|Any CPU
	EndGlobalSection
	GlobalSection(SolutionProperties) = preSolution
		HideSolutionNode = FALSE
	EndGlobalSection
	GlobalSection(ExtensibilityGlobals) = postSolution
		SolutionGuid = {AAD024B3-BE8F-456F-9F12-38C8FA049692}
	EndGlobalSection
EndGlobal
